// !$*UTF8*$!
{
	archiveVersion = 1;
	classes = {
	};
	objectVersion = 46;
	objects = {

/* Begin PBXBuildFile section */
		2F8FA0911E6FBA99006DA053 /* AudioEngine.swift in Sources */ = {isa = PBXBuildFile; fileRef = 2F8FA08F1E6FBA99006DA053 /* AudioEngine.swift */; };
		2F8FA0921E6FBA99006DA053 /* SuperBowlAudioEngine.swift in Sources */ = {isa = PBXBuildFile; fileRef = 2F8FA0901E6FBA99006DA053 /* SuperBowlAudioEngine.swift */; };
		2F8FA0971E6FBAFB006DA053 /* ResultViewController.swift in Sources */ = {isa = PBXBuildFile; fileRef = 2F8FA0951E6FBAFB006DA053 /* ResultViewController.swift */; };
		2F8FA0981E6FBAFB006DA053 /* ResultViewController.xib in Resources */ = {isa = PBXBuildFile; fileRef = 2F8FA0961E6FBAFB006DA053 /* ResultViewController.xib */; };
		2F8FA09D1E6FBB36006DA053 /* sample-1.mp3 in Resources */ = {isa = PBXBuildFile; fileRef = 2F8FA09A1E6FBB36006DA053 /* sample-1.mp3 */; };
		2F8FA09E1E6FBB36006DA053 /* sample-2.mp3 in Resources */ = {isa = PBXBuildFile; fileRef = 2F8FA09B1E6FBB36006DA053 /* sample-2.mp3 */; };
		2F8FA09F1E6FBB36006DA053 /* sample-3.mp3 in Resources */ = {isa = PBXBuildFile; fileRef = 2F8FA09C1E6FBB36006DA053 /* sample-3.mp3 */; };
		2F98C09B1E6A5FBB00005B38 /* AppDelegate.swift in Sources */ = {isa = PBXBuildFile; fileRef = 2F98C09A1E6A5FBB00005B38 /* AppDelegate.swift */; };
		2F98C09D1E6A5FBB00005B38 /* ViewController.swift in Sources */ = {isa = PBXBuildFile; fileRef = 2F98C09C1E6A5FBB00005B38 /* ViewController.swift */; };
		2F98C0A01E6A5FBB00005B38 /* Main.storyboard in Resources */ = {isa = PBXBuildFile; fileRef = 2F98C09E1E6A5FBB00005B38 /* Main.storyboard */; };
		2F98C0A21E6A5FBB00005B38 /* Assets.xcassets in Resources */ = {isa = PBXBuildFile; fileRef = 2F98C0A11E6A5FBB00005B38 /* Assets.xcassets */; };
		2F98C0A51E6A5FBB00005B38 /* LaunchScreen.storyboard in Resources */ = {isa = PBXBuildFile; fileRef = 2F98C0A31E6A5FBB00005B38 /* LaunchScreen.storyboard */; };
		2F98C0B01E6A5FBB00005B38 /* CircleViewTests.swift in Sources */ = {isa = PBXBuildFile; fileRef = 2F98C0AF1E6A5FBB00005B38 /* CircleViewTests.swift */; };
		2FEC20731E6A845A0064B743 /* CGRect+Circle.swift in Sources */ = {isa = PBXBuildFile; fileRef = 2FEC20711E6A845A0064B743 /* CGRect+Circle.swift */; };
		2FEC20741E6A845A0064B743 /* CircleView.swift in Sources */ = {isa = PBXBuildFile; fileRef = 2FEC20721E6A845A0064B743 /* CircleView.swift */; };
		2FEC20781E6A88AA0064B743 /* BowlsViewController.swift in Sources */ = {isa = PBXBuildFile; fileRef = 2FEC20761E6A88AA0064B743 /* BowlsViewController.swift */; };
		2FEC20791E6A88AA0064B743 /* BowlsViewController.xib in Resources */ = {isa = PBXBuildFile; fileRef = 2FEC20771E6A88AA0064B743 /* BowlsViewController.xib */; };
		2FEC207B1E6A9A4A0064B743 /* JustCircleView.swift in Sources */ = {isa = PBXBuildFile; fileRef = 2FEC207A1E6A9A4A0064B743 /* JustCircleView.swift */; };
/* End PBXBuildFile section */

/* Begin PBXContainerItemProxy section */
		2F98C0AC1E6A5FBB00005B38 /* PBXContainerItemProxy */ = {
			isa = PBXContainerItemProxy;
			containerPortal = 2F98C08F1E6A5FBB00005B38 /* Project object */;
			proxyType = 1;
			remoteGlobalIDString = 2F98C0961E6A5FBB00005B38;
			remoteInfo = CircleView;
		};
/* End PBXContainerItemProxy section */

/* Begin PBXFileReference section */
		2F8FA08F1E6FBA99006DA053 /* AudioEngine.swift */ = {isa = PBXFileReference; fileEncoding = 4; lastKnownFileType = sourcecode.swift; name = AudioEngine.swift; path = ../../../SuperBowl/AudioTools/AudioEngine.swift; sourceTree = "<group>"; };
		2F8FA0901E6FBA99006DA053 /* SuperBowlAudioEngine.swift */ = {isa = PBXFileReference; fileEncoding = 4; lastKnownFileType = sourcecode.swift; name = SuperBowlAudioEngine.swift; path = ../../../SuperBowl/AudioTools/SuperBowlAudioEngine.swift; sourceTree = "<group>"; };
		2F8FA0951E6FBAFB006DA053 /* ResultViewController.swift */ = {isa = PBXFileReference; fileEncoding = 4; lastKnownFileType = sourcecode.swift; path = ResultViewController.swift; sourceTree = "<group>"; };
		2F8FA0961E6FBAFB006DA053 /* ResultViewController.xib */ = {isa = PBXFileReference; fileEncoding = 4; lastKnownFileType = file.xib; path = ResultViewController.xib; sourceTree = "<group>"; };
		2F8FA09A1E6FBB36006DA053 /* sample-1.mp3 */ = {isa = PBXFileReference; lastKnownFileType = audio.mp3; path = "sample-1.mp3"; sourceTree = "<group>"; };
		2F8FA09B1E6FBB36006DA053 /* sample-2.mp3 */ = {isa = PBXFileReference; lastKnownFileType = audio.mp3; path = "sample-2.mp3"; sourceTree = "<group>"; };
		2F8FA09C1E6FBB36006DA053 /* sample-3.mp3 */ = {isa = PBXFileReference; lastKnownFileType = audio.mp3; path = "sample-3.mp3"; sourceTree = "<group>"; };
		2F98C0971E6A5FBB00005B38 /* CircleView.app */ = {isa = PBXFileReference; explicitFileType = wrapper.application; includeInIndex = 0; path = CircleView.app; sourceTree = BUILT_PRODUCTS_DIR; };
		2F98C09A1E6A5FBB00005B38 /* AppDelegate.swift */ = {isa = PBXFileReference; lastKnownFileType = sourcecode.swift; path = AppDelegate.swift; sourceTree = "<group>"; };
		2F98C09C1E6A5FBB00005B38 /* ViewController.swift */ = {isa = PBXFileReference; lastKnownFileType = sourcecode.swift; path = ViewController.swift; sourceTree = "<group>"; };
		2F98C09F1E6A5FBB00005B38 /* Base */ = {isa = PBXFileReference; lastKnownFileType = file.storyboard; name = Base; path = Base.lproj/Main.storyboard; sourceTree = "<group>"; };
		2F98C0A11E6A5FBB00005B38 /* Assets.xcassets */ = {isa = PBXFileReference; lastKnownFileType = folder.assetcatalog; path = Assets.xcassets; sourceTree = "<group>"; };
		2F98C0A41E6A5FBB00005B38 /* Base */ = {isa = PBXFileReference; lastKnownFileType = file.storyboard; name = Base; path = Base.lproj/LaunchScreen.storyboard; sourceTree = "<group>"; };
		2F98C0A61E6A5FBB00005B38 /* Info.plist */ = {isa = PBXFileReference; lastKnownFileType = text.plist.xml; path = Info.plist; sourceTree = "<group>"; };
		2F98C0AB1E6A5FBB00005B38 /* CircleViewTests.xctest */ = {isa = PBXFileReference; explicitFileType = wrapper.cfbundle; includeInIndex = 0; path = CircleViewTests.xctest; sourceTree = BUILT_PRODUCTS_DIR; };
		2F98C0AF1E6A5FBB00005B38 /* CircleViewTests.swift */ = {isa = PBXFileReference; lastKnownFileType = sourcecode.swift; path = CircleViewTests.swift; sourceTree = "<group>"; };
		2F98C0B11E6A5FBB00005B38 /* Info.plist */ = {isa = PBXFileReference; lastKnownFileType = text.plist.xml; path = Info.plist; sourceTree = "<group>"; };
		2FEC20711E6A845A0064B743 /* CGRect+Circle.swift */ = {isa = PBXFileReference; fileEncoding = 4; lastKnownFileType = sourcecode.swift; name = "CGRect+Circle.swift"; path = "../../../SuperBowl/Utilities/CGRect+Circle.swift"; sourceTree = "<group>"; };
		2FEC20721E6A845A0064B743 /* CircleView.swift */ = {isa = PBXFileReference; fileEncoding = 4; lastKnownFileType = sourcecode.swift; name = CircleView.swift; path = ../../../SuperBowl/Views/Common/CircleView.swift; sourceTree = "<group>"; };
		2FEC20761E6A88AA0064B743 /* BowlsViewController.swift */ = {isa = PBXFileReference; fileEncoding = 4; lastKnownFileType = sourcecode.swift; name = BowlsViewController.swift; path = ../../../SuperBowl/Views/Bowl/BowlsViewController.swift; sourceTree = "<group>"; };
		2FEC20771E6A88AA0064B743 /* BowlsViewController.xib */ = {isa = PBXFileReference; fileEncoding = 4; lastKnownFileType = file.xib; name = BowlsViewController.xib; path = ../../../SuperBowl/Views/Bowl/BowlsViewController.xib; sourceTree = "<group>"; };
		2FEC207A1E6A9A4A0064B743 /* JustCircleView.swift */ = {isa = PBXFileReference; fileEncoding = 4; lastKnownFileType = sourcecode.swift; name = JustCircleView.swift; path = ../../../SuperBowl/Views/Common/JustCircleView.swift; sourceTree = "<group>"; };
/* End PBXFileReference section */

/* Begin PBXFrameworksBuildPhase section */
		2F98C0941E6A5FBB00005B38 /* Frameworks */ = {
			isa = PBXFrameworksBuildPhase;
			buildActionMask = 2147483647;
			files = (
			);
			runOnlyForDeploymentPostprocessing = 0;
		};
		2F98C0A81E6A5FBB00005B38 /* Frameworks */ = {
			isa = PBXFrameworksBuildPhase;
			buildActionMask = 2147483647;
			files = (
			);
			runOnlyForDeploymentPostprocessing = 0;
		};
/* End PBXFrameworksBuildPhase section */

/* Begin PBXGroup section */
		2F8FA0931E6FBA9F006DA053 /* Audio */ = {
			isa = PBXGroup;
			children = (
				2F8FA08F1E6FBA99006DA053 /* AudioEngine.swift */,
				2F8FA0901E6FBA99006DA053 /* SuperBowlAudioEngine.swift */,
			);
			name = Audio;
			sourceTree = "<group>";
		};
		2F8FA0941E6FBAFB006DA053 /* Result */ = {
			isa = PBXGroup;
			children = (
				2F8FA0951E6FBAFB006DA053 /* ResultViewController.swift */,
				2F8FA0961E6FBAFB006DA053 /* ResultViewController.xib */,
			);
			name = Result;
			path = ../../../SuperBowl/Views/Result;
			sourceTree = "<group>";
		};
		2F8FA0991E6FBB36006DA053 /* Resources */ = {
			isa = PBXGroup;
			children = (
				2F8FA09A1E6FBB36006DA053 /* sample-1.mp3 */,
				2F8FA09B1E6FBB36006DA053 /* sample-2.mp3 */,
				2F8FA09C1E6FBB36006DA053 /* sample-3.mp3 */,
			);
			name = Resources;
			path = ../../../SuperBowl/Resources;
			sourceTree = "<group>";
		};
		2F98C08E1E6A5FBB00005B38 = {
			isa = PBXGroup;
			children = (
				2F98C0991E6A5FBB00005B38 /* CircleView */,
				2F98C0AE1E6A5FBB00005B38 /* CircleViewTests */,
				2F98C0981E6A5FBB00005B38 /* Products */,
			);
			sourceTree = "<group>";
		};
		2F98C0981E6A5FBB00005B38 /* Products */ = {
			isa = PBXGroup;
			children = (
				2F98C0971E6A5FBB00005B38 /* CircleView.app */,
				2F98C0AB1E6A5FBB00005B38 /* CircleViewTests.xctest */,
			);
			name = Products;
			sourceTree = "<group>";
		};
		2F98C0991E6A5FBB00005B38 /* CircleView */ = {
			isa = PBXGroup;
			children = (
				2F8FA0931E6FBA9F006DA053 /* Audio */,
				2F8FA0941E6FBAFB006DA053 /* Result */,
				2FEC20751E6A84610064B743 /* CircleView */,
				2F8FA0991E6FBB36006DA053 /* Resources */,
				2F98C09A1E6A5FBB00005B38 /* AppDelegate.swift */,
				2F98C09C1E6A5FBB00005B38 /* ViewController.swift */,
				2F98C09E1E6A5FBB00005B38 /* Main.storyboard */,
				2F98C0A11E6A5FBB00005B38 /* Assets.xcassets */,
				2F98C0A31E6A5FBB00005B38 /* LaunchScreen.storyboard */,
				2F98C0A61E6A5FBB00005B38 /* Info.plist */,
			);
			path = CircleView;
			sourceTree = "<group>";
		};
		2F98C0AE1E6A5FBB00005B38 /* CircleViewTests */ = {
			isa = PBXGroup;
			children = (
				2F98C0AF1E6A5FBB00005B38 /* CircleViewTests.swift */,
				2F98C0B11E6A5FBB00005B38 /* Info.plist */,
			);
			path = CircleViewTests;
			sourceTree = "<group>";
		};
		2FEC20751E6A84610064B743 /* CircleView */ = {
			isa = PBXGroup;
			children = (
				2FEC20711E6A845A0064B743 /* CGRect+Circle.swift */,
				2FEC20721E6A845A0064B743 /* CircleView.swift */,
				2FEC207A1E6A9A4A0064B743 /* JustCircleView.swift */,
				2FEC20761E6A88AA0064B743 /* BowlsViewController.swift */,
				2FEC20771E6A88AA0064B743 /* BowlsViewController.xib */,
			);
			name = CircleView;
			sourceTree = "<group>";
		};
/* End PBXGroup section */

/* Begin PBXNativeTarget section */
		2F98C0961E6A5FBB00005B38 /* CircleView */ = {
			isa = PBXNativeTarget;
			buildConfigurationList = 2F98C0B41E6A5FBB00005B38 /* Build configuration list for PBXNativeTarget "CircleView" */;
			buildPhases = (
				2F98C0931E6A5FBB00005B38 /* Sources */,
				2F98C0941E6A5FBB00005B38 /* Frameworks */,
				2F98C0951E6A5FBB00005B38 /* Resources */,
			);
			buildRules = (
			);
			dependencies = (
			);
			name = CircleView;
			productName = CircleView;
			productReference = 2F98C0971E6A5FBB00005B38 /* CircleView.app */;
			productType = "com.apple.product-type.application";
		};
		2F98C0AA1E6A5FBB00005B38 /* CircleViewTests */ = {
			isa = PBXNativeTarget;
			buildConfigurationList = 2F98C0B71E6A5FBB00005B38 /* Build configuration list for PBXNativeTarget "CircleViewTests" */;
			buildPhases = (
				2F98C0A71E6A5FBB00005B38 /* Sources */,
				2F98C0A81E6A5FBB00005B38 /* Frameworks */,
				2F98C0A91E6A5FBB00005B38 /* Resources */,
			);
			buildRules = (
			);
			dependencies = (
				2F98C0AD1E6A5FBB00005B38 /* PBXTargetDependency */,
			);
			name = CircleViewTests;
			productName = CircleViewTests;
			productReference = 2F98C0AB1E6A5FBB00005B38 /* CircleViewTests.xctest */;
			productType = "com.apple.product-type.bundle.unit-test";
		};
/* End PBXNativeTarget section */

/* Begin PBXProject section */
		2F98C08F1E6A5FBB00005B38 /* Project object */ = {
			isa = PBXProject;
			attributes = {
				LastSwiftUpdateCheck = 0820;
				LastUpgradeCheck = 0820;
				ORGANIZATIONNAME = info.wataruhash;
				TargetAttributes = {
					2F98C0961E6A5FBB00005B38 = {
						CreatedOnToolsVersion = 8.2.1;
						DevelopmentTeam = S8S4FU6F42;
						ProvisioningStyle = Automatic;
					};
					2F98C0AA1E6A5FBB00005B38 = {
						CreatedOnToolsVersion = 8.2.1;
						DevelopmentTeam = S8S4FU6F42;
						ProvisioningStyle = Automatic;
						TestTargetID = 2F98C0961E6A5FBB00005B38;
					};
				};
			};
			buildConfigurationList = 2F98C0921E6A5FBB00005B38 /* Build configuration list for PBXProject "CircleView" */;
			compatibilityVersion = "Xcode 3.2";
			developmentRegion = English;
			hasScannedForEncodings = 0;
			knownRegions = (
				en,
				Base,
			);
			mainGroup = 2F98C08E1E6A5FBB00005B38;
			productRefGroup = 2F98C0981E6A5FBB00005B38 /* Products */;
			projectDirPath = "";
			projectRoot = "";
			targets = (
				2F98C0961E6A5FBB00005B38 /* CircleView */,
				2F98C0AA1E6A5FBB00005B38 /* CircleViewTests */,
			);
		};
/* End PBXProject section */

/* Begin PBXResourcesBuildPhase section */
		2F98C0951E6A5FBB00005B38 /* Resources */ = {
			isa = PBXResourcesBuildPhase;
			buildActionMask = 2147483647;
			files = (
				2F98C0A51E6A5FBB00005B38 /* LaunchScreen.storyboard in Resources */,
				2F98C0A21E6A5FBB00005B38 /* Assets.xcassets in Resources */,
				2F8FA09D1E6FBB36006DA053 /* sample-1.mp3 in Resources */,
				2FEC20791E6A88AA0064B743 /* BowlsViewController.xib in Resources */,
				2F8FA09F1E6FBB36006DA053 /* sample-3.mp3 in Resources */,
				2F8FA0981E6FBAFB006DA053 /* ResultViewController.xib in Resources */,
				2F8FA09E1E6FBB36006DA053 /* sample-2.mp3 in Resources */,
				2F98C0A01E6A5FBB00005B38 /* Main.storyboard in Resources */,
			);
			runOnlyForDeploymentPostprocessing = 0;
		};
		2F98C0A91E6A5FBB00005B38 /* Resources */ = {
			isa = PBXResourcesBuildPhase;
			buildActionMask = 2147483647;
			files = (
			);
			runOnlyForDeploymentPostprocessing = 0;
		};
/* End PBXResourcesBuildPhase section */

/* Begin PBXSourcesBuildPhase section */
		2F98C0931E6A5FBB00005B38 /* Sources */ = {
			isa = PBXSourcesBuildPhase;
			buildActionMask = 2147483647;
			files = (
				2F8FA0921E6FBA99006DA053 /* SuperBowlAudioEngine.swift in Sources */,
				2FEC20741E6A845A0064B743 /* CircleView.swift in Sources */,
				2FEC207B1E6A9A4A0064B743 /* JustCircleView.swift in Sources */,
				2F98C09D1E6A5FBB00005B38 /* ViewController.swift in Sources */,
				2FEC20781E6A88AA0064B743 /* BowlsViewController.swift in Sources */,
				2F98C09B1E6A5FBB00005B38 /* AppDelegate.swift in Sources */,
				2FEC20731E6A845A0064B743 /* CGRect+Circle.swift in Sources */,
				2F8FA0911E6FBA99006DA053 /* AudioEngine.swift in Sources */,
				2F8FA0971E6FBAFB006DA053 /* ResultViewController.swift in Sources */,
			);
			runOnlyForDeploymentPostprocessing = 0;
		};
		2F98C0A71E6A5FBB00005B38 /* Sources */ = {
			isa = PBXSourcesBuildPhase;
			buildActionMask = 2147483647;
			files = (
				2F98C0B01E6A5FBB00005B38 /* CircleViewTests.swift in Sources */,
			);
			runOnlyForDeploymentPostprocessing = 0;
		};
/* End PBXSourcesBuildPhase section */

/* Begin PBXTargetDependency section */
		2F98C0AD1E6A5FBB00005B38 /* PBXTargetDependency */ = {
			isa = PBXTargetDependency;
			target = 2F98C0961E6A5FBB00005B38 /* CircleView */;
			targetProxy = 2F98C0AC1E6A5FBB00005B38 /* PBXContainerItemProxy */;
		};
/* End PBXTargetDependency section */

/* Begin PBXVariantGroup section */
		2F98C09E1E6A5FBB00005B38 /* Main.storyboard */ = {
			isa = PBXVariantGroup;
			children = (
				2F98C09F1E6A5FBB00005B38 /* Base */,
			);
			name = Main.storyboard;
			sourceTree = "<group>";
		};
		2F98C0A31E6A5FBB00005B38 /* LaunchScreen.storyboard */ = {
			isa = PBXVariantGroup;
			children = (
				2F98C0A41E6A5FBB00005B38 /* Base */,
			);
			name = LaunchScreen.storyboard;
			sourceTree = "<group>";
		};
/* End PBXVariantGroup section */

/* Begin XCBuildConfiguration section */
		2F98C0B21E6A5FBB00005B38 /* Debug */ = {
			isa = XCBuildConfiguration;
			buildSettings = {
				ALWAYS_SEARCH_USER_PATHS = NO;
				CLANG_ANALYZER_NONNULL = YES;
				CLANG_CXX_LANGUAGE_STANDARD = "gnu++0x";
				CLANG_CXX_LIBRARY = "libc++";
				CLANG_ENABLE_MODULES = YES;
				CLANG_ENABLE_OBJC_ARC = YES;
				CLANG_WARN_BOOL_CONVERSION = YES;
				CLANG_WARN_CONSTANT_CONVERSION = YES;
				CLANG_WARN_DIRECT_OBJC_ISA_USAGE = YES_ERROR;
				CLANG_WARN_DOCUMENTATION_COMMENTS = YES;
				CLANG_WARN_EMPTY_BODY = YES;
				CLANG_WARN_ENUM_CONVERSION = YES;
				CLANG_WARN_INFINITE_RECURSION = YES;
				CLANG_WARN_INT_CONVERSION = YES;
				CLANG_WARN_OBJC_ROOT_CLASS = YES_ERROR;
				CLANG_WARN_SUSPICIOUS_MOVE = YES;
				CLANG_WARN_UNREACHABLE_CODE = YES;
				CLANG_WARN__DUPLICATE_METHOD_MATCH = YES;
				"CODE_SIGN_IDENTITY[sdk=iphoneos*]" = "iPhone Developer";
				COPY_PHASE_STRIP = NO;
				DEBUG_INFORMATION_FORMAT = dwarf;
				ENABLE_STRICT_OBJC_MSGSEND = YES;
				ENABLE_TESTABILITY = YES;
				GCC_C_LANGUAGE_STANDARD = gnu99;
				GCC_DYNAMIC_NO_PIC = NO;
				GCC_NO_COMMON_BLOCKS = YES;
				GCC_OPTIMIZATION_LEVEL = 0;
				GCC_PREPROCESSOR_DEFINITIONS = (
					"DEBUG=1",
					"$(inherited)",
				);
				GCC_WARN_64_TO_32_BIT_CONVERSION = YES;
				GCC_WARN_ABOUT_RETURN_TYPE = YES_ERROR;
				GCC_WARN_UNDECLARED_SELECTOR = YES;
				GCC_WARN_UNINITIALIZED_AUTOS = YES_AGGRESSIVE;
				GCC_WARN_UNUSED_FUNCTION = YES;
				GCC_WARN_UNUSED_VARIABLE = YES;
				IPHONEOS_DEPLOYMENT_TARGET = 10.2;
				MTL_ENABLE_DEBUG_INFO = YES;
				ONLY_ACTIVE_ARCH = YES;
				SDKROOT = iphoneos;
				SWIFT_ACTIVE_COMPILATION_CONDITIONS = DEBUG;
				SWIFT_OPTIMIZATION_LEVEL = "-Onone";
				TARGETED_DEVICE_FAMILY = "1,2";
			};
			name = Debug;
		};
		2F98C0B31E6A5FBB00005B38 /* Release */ = {
			isa = XCBuildConfiguration;
			buildSettings = {
				ALWAYS_SEARCH_USER_PATHS = NO;
				CLANG_ANALYZER_NONNULL = YES;
				CLANG_CXX_LANGUAGE_STANDARD = "gnu++0x";
				CLANG_CXX_LIBRARY = "libc++";
				CLANG_ENABLE_MODULES = YES;
				CLANG_ENABLE_OBJC_ARC = YES;
				CLANG_WARN_BOOL_CONVERSION = YES;
				CLANG_WARN_CONSTANT_CONVERSION = YES;
				CLANG_WARN_DIRECT_OBJC_ISA_USAGE = YES_ERROR;
				CLANG_WARN_DOCUMENTATION_COMMENTS = YES;
				CLANG_WARN_EMPTY_BODY = YES;
				CLANG_WARN_ENUM_CONVERSION = YES;
				CLANG_WARN_INFINITE_RECURSION = YES;
				CLANG_WARN_INT_CONVERSION = YES;
				CLANG_WARN_OBJC_ROOT_CLASS = YES_ERROR;
				CLANG_WARN_SUSPICIOUS_MOVE = YES;
				CLANG_WARN_UNREACHABLE_CODE = YES;
				CLANG_WARN__DUPLICATE_METHOD_MATCH = YES;
				"CODE_SIGN_IDENTITY[sdk=iphoneos*]" = "iPhone Developer";
				COPY_PHASE_STRIP = NO;
				DEBUG_INFORMATION_FORMAT = "dwarf-with-dsym";
				ENABLE_NS_ASSERTIONS = NO;
				ENABLE_STRICT_OBJC_MSGSEND = YES;
				GCC_C_LANGUAGE_STANDARD = gnu99;
				GCC_NO_COMMON_BLOCKS = YES;
				GCC_WARN_64_TO_32_BIT_CONVERSION = YES;
				GCC_WARN_ABOUT_RETURN_TYPE = YES_ERROR;
				GCC_WARN_UNDECLARED_SELECTOR = YES;
				GCC_WARN_UNINITIALIZED_AUTOS = YES_AGGRESSIVE;
				GCC_WARN_UNUSED_FUNCTION = YES;
				GCC_WARN_UNUSED_VARIABLE = YES;
				IPHONEOS_DEPLOYMENT_TARGET = 10.2;
				MTL_ENABLE_DEBUG_INFO = NO;
				SDKROOT = iphoneos;
				SWIFT_OPTIMIZATION_LEVEL = "-Owholemodule";
				TARGETED_DEVICE_FAMILY = "1,2";
				VALIDATE_PRODUCT = YES;
			};
			name = Release;
		};
		2F98C0B51E6A5FBB00005B38 /* Debug */ = {
			isa = XCBuildConfiguration;
			buildSettings = {
				ASSETCATALOG_COMPILER_APPICON_NAME = AppIcon;
				DEVELOPMENT_TEAM = S8S4FU6F42;
				INFOPLIST_FILE = CircleView/Info.plist;
				LD_RUNPATH_SEARCH_PATHS = "$(inherited) @executable_path/Frameworks";
				PRODUCT_BUNDLE_IDENTIFIER = info.wataruhash.CircleView;
				PRODUCT_NAME = "$(TARGET_NAME)";
				SWIFT_VERSION = 3.0;
			};
			name = Debug;
		};
		2F98C0B61E6A5FBB00005B38 /* Release */ = {
			isa = XCBuildConfiguration;
			buildSettings = {
				ASSETCATALOG_COMPILER_APPICON_NAME = AppIcon;
				DEVELOPMENT_TEAM = S8S4FU6F42;
				INFOPLIST_FILE = CircleView/Info.plist;
				LD_RUNPATH_SEARCH_PATHS = "$(inherited) @executable_path/Frameworks";
				PRODUCT_BUNDLE_IDENTIFIER = info.wataruhash.CircleView;
				PRODUCT_NAME = "$(TARGET_NAME)";
				SWIFT_VERSION = 3.0;
			};
			name = Release;
		};
		2F98C0B81E6A5FBB00005B38 /* Debug */ = {
			isa = XCBuildConfiguration;
			buildSettings = {
				ALWAYS_EMBED_SWIFT_STANDARD_LIBRARIES = YES;
				BUNDLE_LOADER = "$(TEST_HOST)";
				DEVELOPMENT_TEAM = S8S4FU6F42;
				INFOPLIST_FILE = CircleViewTests/Info.plist;
				LD_RUNPATH_SEARCH_PATHS = "$(inherited) @executable_path/Frameworks @loader_path/Frameworks";
				PRODUCT_BUNDLE_IDENTIFIER = info.wataruhash.CircleViewTests;
				PRODUCT_NAME = "$(TARGET_NAME)";
				SWIFT_VERSION = 3.0;
				TEST_HOST = "$(BUILT_PRODUCTS_DIR)/CircleView.app/CircleView";
			};
			name = Debug;
		};
		2F98C0B91E6A5FBB00005B38 /* Release */ = {
			isa = XCBuildConfiguration;
			buildSettings = {
				ALWAYS_EMBED_SWIFT_STANDARD_LIBRARIES = YES;
				BUNDLE_LOADER = "$(TEST_HOST)";
				DEVELOPMENT_TEAM = S8S4FU6F42;
				INFOPLIST_FILE = CircleViewTests/Info.plist;
				LD_RUNPATH_SEARCH_PATHS = "$(inherited) @executable_path/Frameworks @loader_path/Frameworks";
				PRODUCT_BUNDLE_IDENTIFIER = info.wataruhash.CircleViewTests;
				PRODUCT_NAME = "$(TARGET_NAME)";
				SWIFT_VERSION = 3.0;
				TEST_HOST = "$(BUILT_PRODUCTS_DIR)/CircleView.app/CircleView";
			};
			name = Release;
		};
/* End XCBuildConfiguration section */

/* Begin XCConfigurationList section */
		2F98C0921E6A5FBB00005B38 /* Build configuration list for PBXProject "CircleView" */ = {
			isa = XCConfigurationList;
			buildConfigurations = (
				2F98C0B21E6A5FBB00005B38 /* Debug */,
				2F98C0B31E6A5FBB00005B38 /* Release */,
			);
			defaultConfigurationIsVisible = 0;
			defaultConfigurationName = Release;
		};
		2F98C0B41E6A5FBB00005B38 /* Build configuration list for PBXNativeTarget "CircleView" */ = {
			isa = XCConfigurationList;
			buildConfigurations = (
				2F98C0B51E6A5FBB00005B38 /* Debug */,
				2F98C0B61E6A5FBB00005B38 /* Release */,
			);
			defaultConfigurationIsVisible = 0;
			defaultConfigurationName = Release;
		};
		2F98C0B71E6A5FBB00005B38 /* Build configuration list for PBXNativeTarget "CircleViewTests" */ = {
			isa = XCConfigurationList;
			buildConfigurations = (
				2F98C0B81E6A5FBB00005B38 /* Debug */,
				2F98C0B91E6A5FBB00005B38 /* Release */,
			);
			defaultConfigurationIsVisible = 0;
			defaultConfigurationName = Release;
		};
/* End XCConfigurationList section */
	};
	rootObject = 2F98C08F1E6A5FBB00005B38 /* Project object */;
}
