// !$*UTF8*$!
{
	archiveVersion = 1;
	classes = {
	};
	objectVersion = 46;
	objects = {

/* Begin PBXBuildFile section */
		5695B732A9DF90B04AB48053 /* Pods_SuperBowl.framework in Frameworks */ = {isa = PBXBuildFile; fileRef = 3F3D2B03063E5272F1600551 /* Pods_SuperBowl.framework */; };
		951054741E6A517600A25B8F /* AppDelegate.swift in Sources */ = {isa = PBXBuildFile; fileRef = 951054731E6A517600A25B8F /* AppDelegate.swift */; };
		9510547B1E6A517600A25B8F /* Assets.xcassets in Resources */ = {isa = PBXBuildFile; fileRef = 9510547A1E6A517600A25B8F /* Assets.xcassets */; };
		9510547E1E6A517600A25B8F /* LaunchScreen.storyboard in Resources */ = {isa = PBXBuildFile; fileRef = 9510547C1E6A517600A25B8F /* LaunchScreen.storyboard */; };
		ED123E571E6AE2C6008D702E /* AudioEngine.swift in Sources */ = {isa = PBXBuildFile; fileRef = ED123E401E6AE2C6008D702E /* AudioEngine.swift */; };
		ED123E581E6AE2C6008D702E /* SuperBowlAudioEngine.swift in Sources */ = {isa = PBXBuildFile; fileRef = ED123E411E6AE2C6008D702E /* SuperBowlAudioEngine.swift */; };
		ED123E5C1E6AE2C6008D702E /* CGRect+Circle.swift in Sources */ = {isa = PBXBuildFile; fileRef = ED123E471E6AE2C6008D702E /* CGRect+Circle.swift */; };
		ED123E5D1E6AE2C6008D702E /* BowlsViewController.swift in Sources */ = {isa = PBXBuildFile; fileRef = ED123E4A1E6AE2C6008D702E /* BowlsViewController.swift */; };
		ED123E5E1E6AE2C6008D702E /* BowlsViewController.xib in Resources */ = {isa = PBXBuildFile; fileRef = ED123E4B1E6AE2C6008D702E /* BowlsViewController.xib */; };
		ED123E5F1E6AE2C6008D702E /* CircleView.swift in Sources */ = {isa = PBXBuildFile; fileRef = ED123E4E1E6AE2C6008D702E /* CircleView.swift */; };
		ED123E601E6AE2C6008D702E /* JustCircleView.swift in Sources */ = {isa = PBXBuildFile; fileRef = ED123E4F1E6AE2C6008D702E /* JustCircleView.swift */; };
		ED123E611E6AE2C6008D702E /* ShiningView.swift in Sources */ = {isa = PBXBuildFile; fileRef = ED123E501E6AE2C6008D702E /* ShiningView.swift */; };
		ED123E621E6AE2C6008D702E /* LoginViewController.swift in Sources */ = {isa = PBXBuildFile; fileRef = ED123E521E6AE2C6008D702E /* LoginViewController.swift */; };
		ED123E631E6AE2C6008D702E /* LoginViewController.xib in Resources */ = {isa = PBXBuildFile; fileRef = ED123E531E6AE2C6008D702E /* LoginViewController.xib */; };
		ED123E641E6AE2C6008D702E /* ResultViewController.swift in Sources */ = {isa = PBXBuildFile; fileRef = ED123E551E6AE2C6008D702E /* ResultViewController.swift */; };
		ED123E651E6AE2C6008D702E /* ResultViewController.xib in Resources */ = {isa = PBXBuildFile; fileRef = ED123E561E6AE2C6008D702E /* ResultViewController.xib */; };
		ED123E671E6AE36E008D702E /* IBInstantiatable.swift in Sources */ = {isa = PBXBuildFile; fileRef = ED123E661E6AE36E008D702E /* IBInstantiatable.swift */; };
		ED4C85821E7FE279002AF543 /* SwipeDetectionViewController.storyboard in Resources */ = {isa = PBXBuildFile; fileRef = ED4C85811E7FE279002AF543 /* SwipeDetectionViewController.storyboard */; };
		ED4C85841E7FE392002AF543 /* CGPoint+Extensions.swift in Sources */ = {isa = PBXBuildFile; fileRef = ED4C85831E7FE392002AF543 /* CGPoint+Extensions.swift */; };
		ED4C85861E7FEA1B002AF543 /* TouchEventDetectionView.swift in Sources */ = {isa = PBXBuildFile; fileRef = ED4C85851E7FEA1B002AF543 /* TouchEventDetectionView.swift */; };
		ED4C85891E7FEE67002AF543 /* DebugMenuViewController.swift in Sources */ = {isa = PBXBuildFile; fileRef = ED4C85881E7FEE67002AF543 /* DebugMenuViewController.swift */; };
		ED4C858B1E7FEE6F002AF543 /* DebugMenuViewController.storyboard in Resources */ = {isa = PBXBuildFile; fileRef = ED4C858A1E7FEE6F002AF543 /* DebugMenuViewController.storyboard */; };
		ED4C858D1E7FEF97002AF543 /* Foundation+Extensions.swift in Sources */ = {isa = PBXBuildFile; fileRef = ED4C858C1E7FEF97002AF543 /* Foundation+Extensions.swift */; };
		ED4C858F1E7FF120002AF543 /* UIViewController+Extensions.swift in Sources */ = {isa = PBXBuildFile; fileRef = ED4C858E1E7FF120002AF543 /* UIViewController+Extensions.swift */; };
		EDB474531E863AD40076E6BE /* SwipeDetectionDemoViewController.swift in Sources */ = {isa = PBXBuildFile; fileRef = EDB474521E863AD40076E6BE /* SwipeDetectionDemoViewController.swift */; };
		EDB474551E863AE10076E6BE /* SwipeDetectionDemoViewController.storyboard in Resources */ = {isa = PBXBuildFile; fileRef = EDB474541E863AE10076E6BE /* SwipeDetectionDemoViewController.storyboard */; };
		EF44BF021E7D69B2006D8AE8 /* SBTAudioEngine.m in Sources */ = {isa = PBXBuildFile; fileRef = EF44BF011E7D69B2006D8AE8 /* SBTAudioEngine.m */; };
		EF44BF051E7D6E51006D8AE8 /* SBTTrack.m in Sources */ = {isa = PBXBuildFile; fileRef = EF44BF041E7D6E51006D8AE8 /* SBTTrack.m */; };
		EF44BF081E7D6EA1006D8AE8 /* SBTAudioFile.m in Sources */ = {isa = PBXBuildFile; fileRef = EF44BF071E7D6EA1006D8AE8 /* SBTAudioFile.m */; };
		EF44BF111E7D9498006D8AE8 /* sample-1.aif in Resources */ = {isa = PBXBuildFile; fileRef = EF44BF0F1E7D9480006D8AE8 /* sample-1.aif */; };
		EF44BF121E7D9498006D8AE8 /* sample-2.aif in Resources */ = {isa = PBXBuildFile; fileRef = EF44BF101E7D9480006D8AE8 /* sample-2.aif */; };
/* End PBXBuildFile section */

/* Begin PBXFileReference section */
		3F3D2B03063E5272F1600551 /* Pods_SuperBowl.framework */ = {isa = PBXFileReference; explicitFileType = wrapper.framework; includeInIndex = 0; path = Pods_SuperBowl.framework; sourceTree = BUILT_PRODUCTS_DIR; };
		4FA60CC2608BC158E4076BF0 /* Pods-SuperBowl.debug.xcconfig */ = {isa = PBXFileReference; includeInIndex = 1; lastKnownFileType = text.xcconfig; name = "Pods-SuperBowl.debug.xcconfig"; path = "Pods/Target Support Files/Pods-SuperBowl/Pods-SuperBowl.debug.xcconfig"; sourceTree = "<group>"; };
		951054701E6A517600A25B8F /* SuperBowl.app */ = {isa = PBXFileReference; explicitFileType = wrapper.application; includeInIndex = 0; path = SuperBowl.app; sourceTree = BUILT_PRODUCTS_DIR; };
		951054731E6A517600A25B8F /* AppDelegate.swift */ = {isa = PBXFileReference; lastKnownFileType = sourcecode.swift; path = AppDelegate.swift; sourceTree = "<group>"; };
		9510547A1E6A517600A25B8F /* Assets.xcassets */ = {isa = PBXFileReference; lastKnownFileType = folder.assetcatalog; path = Assets.xcassets; sourceTree = "<group>"; };
		9510547D1E6A517600A25B8F /* Base */ = {isa = PBXFileReference; lastKnownFileType = file.storyboard; name = Base; path = Base.lproj/LaunchScreen.storyboard; sourceTree = "<group>"; };
		9510547F1E6A517600A25B8F /* Info.plist */ = {isa = PBXFileReference; lastKnownFileType = text.plist.xml; path = Info.plist; sourceTree = "<group>"; };
		DA382B72DAD1F2DC9608E42E /* Pods-SuperBowl.release.xcconfig */ = {isa = PBXFileReference; includeInIndex = 1; lastKnownFileType = text.xcconfig; name = "Pods-SuperBowl.release.xcconfig"; path = "Pods/Target Support Files/Pods-SuperBowl/Pods-SuperBowl.release.xcconfig"; sourceTree = "<group>"; };
		ED123E401E6AE2C6008D702E /* AudioEngine.swift */ = {isa = PBXFileReference; fileEncoding = 4; lastKnownFileType = sourcecode.swift; path = AudioEngine.swift; sourceTree = "<group>"; };
		ED123E411E6AE2C6008D702E /* SuperBowlAudioEngine.swift */ = {isa = PBXFileReference; fileEncoding = 4; lastKnownFileType = sourcecode.swift; path = SuperBowlAudioEngine.swift; sourceTree = "<group>"; };
		ED123E471E6AE2C6008D702E /* CGRect+Circle.swift */ = {isa = PBXFileReference; fileEncoding = 4; lastKnownFileType = sourcecode.swift; path = "CGRect+Circle.swift"; sourceTree = "<group>"; };
		ED123E4A1E6AE2C6008D702E /* BowlsViewController.swift */ = {isa = PBXFileReference; fileEncoding = 4; lastKnownFileType = sourcecode.swift; path = BowlsViewController.swift; sourceTree = "<group>"; };
		ED123E4B1E6AE2C6008D702E /* BowlsViewController.xib */ = {isa = PBXFileReference; fileEncoding = 4; lastKnownFileType = file.xib; path = BowlsViewController.xib; sourceTree = "<group>"; };
		ED123E4E1E6AE2C6008D702E /* CircleView.swift */ = {isa = PBXFileReference; fileEncoding = 4; lastKnownFileType = sourcecode.swift; path = CircleView.swift; sourceTree = "<group>"; };
		ED123E4F1E6AE2C6008D702E /* JustCircleView.swift */ = {isa = PBXFileReference; fileEncoding = 4; lastKnownFileType = sourcecode.swift; path = JustCircleView.swift; sourceTree = "<group>"; };
		ED123E501E6AE2C6008D702E /* ShiningView.swift */ = {isa = PBXFileReference; fileEncoding = 4; lastKnownFileType = sourcecode.swift; path = ShiningView.swift; sourceTree = "<group>"; };
		ED123E521E6AE2C6008D702E /* LoginViewController.swift */ = {isa = PBXFileReference; fileEncoding = 4; lastKnownFileType = sourcecode.swift; path = LoginViewController.swift; sourceTree = "<group>"; };
		ED123E531E6AE2C6008D702E /* LoginViewController.xib */ = {isa = PBXFileReference; fileEncoding = 4; lastKnownFileType = file.xib; path = LoginViewController.xib; sourceTree = "<group>"; };
		ED123E551E6AE2C6008D702E /* ResultViewController.swift */ = {isa = PBXFileReference; fileEncoding = 4; lastKnownFileType = sourcecode.swift; path = ResultViewController.swift; sourceTree = "<group>"; };
		ED123E561E6AE2C6008D702E /* ResultViewController.xib */ = {isa = PBXFileReference; fileEncoding = 4; lastKnownFileType = file.xib; path = ResultViewController.xib; sourceTree = "<group>"; };
		ED123E661E6AE36E008D702E /* IBInstantiatable.swift */ = {isa = PBXFileReference; fileEncoding = 4; lastKnownFileType = sourcecode.swift; path = IBInstantiatable.swift; sourceTree = "<group>"; };
		ED4C857F1E7FE271002AF543 /* SwipeDetectionViewController.swift */ = {isa = PBXFileReference; fileEncoding = 4; lastKnownFileType = sourcecode.swift; path = SwipeDetectionViewController.swift; sourceTree = "<group>"; };
		ED4C85811E7FE279002AF543 /* SwipeDetectionViewController.storyboard */ = {isa = PBXFileReference; fileEncoding = 4; lastKnownFileType = file.storyboard; path = SwipeDetectionViewController.storyboard; sourceTree = "<group>"; };
		ED4C85831E7FE392002AF543 /* CGPoint+Extensions.swift */ = {isa = PBXFileReference; fileEncoding = 4; lastKnownFileType = sourcecode.swift; path = "CGPoint+Extensions.swift"; sourceTree = "<group>"; };
		ED4C85851E7FEA1B002AF543 /* TouchEventDetectionView.swift */ = {isa = PBXFileReference; fileEncoding = 4; lastKnownFileType = sourcecode.swift; path = TouchEventDetectionView.swift; sourceTree = "<group>"; };
		ED4C85881E7FEE67002AF543 /* DebugMenuViewController.swift */ = {isa = PBXFileReference; fileEncoding = 4; lastKnownFileType = sourcecode.swift; path = DebugMenuViewController.swift; sourceTree = "<group>"; };
		ED4C858A1E7FEE6F002AF543 /* DebugMenuViewController.storyboard */ = {isa = PBXFileReference; fileEncoding = 4; lastKnownFileType = file.storyboard; path = DebugMenuViewController.storyboard; sourceTree = "<group>"; };
		ED4C858C1E7FEF97002AF543 /* Foundation+Extensions.swift */ = {isa = PBXFileReference; fileEncoding = 4; lastKnownFileType = sourcecode.swift; path = "Foundation+Extensions.swift"; sourceTree = "<group>"; };
		ED4C858E1E7FF120002AF543 /* UIViewController+Extensions.swift */ = {isa = PBXFileReference; fileEncoding = 4; lastKnownFileType = sourcecode.swift; path = "UIViewController+Extensions.swift"; sourceTree = "<group>"; };
		EDB474521E863AD40076E6BE /* SwipeDetectionDemoViewController.swift */ = {isa = PBXFileReference; fileEncoding = 4; lastKnownFileType = sourcecode.swift; path = SwipeDetectionDemoViewController.swift; sourceTree = "<group>"; };
		EDB474541E863AE10076E6BE /* SwipeDetectionDemoViewController.storyboard */ = {isa = PBXFileReference; fileEncoding = 4; lastKnownFileType = file.storyboard; path = SwipeDetectionDemoViewController.storyboard; sourceTree = "<group>"; };
		EF44BF001E7D69B2006D8AE8 /* SBTAudioEngine.h */ = {isa = PBXFileReference; fileEncoding = 4; lastKnownFileType = sourcecode.c.h; path = SBTAudioEngine.h; sourceTree = "<group>"; };
		EF44BF011E7D69B2006D8AE8 /* SBTAudioEngine.m */ = {isa = PBXFileReference; fileEncoding = 4; lastKnownFileType = sourcecode.c.objc; path = SBTAudioEngine.m; sourceTree = "<group>"; };
		EF44BF031E7D6E51006D8AE8 /* SBTTrack.h */ = {isa = PBXFileReference; fileEncoding = 4; lastKnownFileType = sourcecode.c.h; path = SBTTrack.h; sourceTree = "<group>"; };
		EF44BF041E7D6E51006D8AE8 /* SBTTrack.m */ = {isa = PBXFileReference; fileEncoding = 4; lastKnownFileType = sourcecode.c.objc; path = SBTTrack.m; sourceTree = "<group>"; };
		EF44BF061E7D6EA1006D8AE8 /* SBTAudioFile.h */ = {isa = PBXFileReference; fileEncoding = 4; lastKnownFileType = sourcecode.c.h; path = SBTAudioFile.h; sourceTree = "<group>"; };
		EF44BF071E7D6EA1006D8AE8 /* SBTAudioFile.m */ = {isa = PBXFileReference; fileEncoding = 4; lastKnownFileType = sourcecode.c.objc; path = SBTAudioFile.m; sourceTree = "<group>"; };
		EF44BF0F1E7D9480006D8AE8 /* sample-1.aif */ = {isa = PBXFileReference; lastKnownFileType = file; path = "sample-1.aif"; sourceTree = "<group>"; };
		EF44BF101E7D9480006D8AE8 /* sample-2.aif */ = {isa = PBXFileReference; lastKnownFileType = file; path = "sample-2.aif"; sourceTree = "<group>"; };
		EF44BF131E7D9834006D8AE8 /* SuperBowl-Bridging-Header.h */ = {isa = PBXFileReference; fileEncoding = 4; lastKnownFileType = sourcecode.c.h; path = "SuperBowl-Bridging-Header.h"; sourceTree = "<group>"; };
/* End PBXFileReference section */

/* Begin PBXFrameworksBuildPhase section */
		9510546D1E6A517500A25B8F /* Frameworks */ = {
			isa = PBXFrameworksBuildPhase;
			buildActionMask = 2147483647;
			files = (
				5695B732A9DF90B04AB48053 /* Pods_SuperBowl.framework in Frameworks */,
			);
			runOnlyForDeploymentPostprocessing = 0;
		};
/* End PBXFrameworksBuildPhase section */

/* Begin PBXGroup section */
		62506B224AE2A93EE81BAD42 /* Pods */ = {
			isa = PBXGroup;
			children = (
				4FA60CC2608BC158E4076BF0 /* Pods-SuperBowl.debug.xcconfig */,
				DA382B72DAD1F2DC9608E42E /* Pods-SuperBowl.release.xcconfig */,
			);
			name = Pods;
			sourceTree = "<group>";
		};
		732B7686B7DB8469A07DCC0E /* Frameworks */ = {
			isa = PBXGroup;
			children = (
				3F3D2B03063E5272F1600551 /* Pods_SuperBowl.framework */,
			);
			name = Frameworks;
			sourceTree = "<group>";
		};
		951054671E6A517500A25B8F = {
			isa = PBXGroup;
			children = (
				951054721E6A517600A25B8F /* SuperBowl */,
				951054711E6A517600A25B8F /* Products */,
				62506B224AE2A93EE81BAD42 /* Pods */,
				732B7686B7DB8469A07DCC0E /* Frameworks */,
			);
			indentWidth = 4;
			sourceTree = "<group>";
			tabWidth = 4;
		};
		951054711E6A517600A25B8F /* Products */ = {
			isa = PBXGroup;
			children = (
				951054701E6A517600A25B8F /* SuperBowl.app */,
			);
			name = Products;
			sourceTree = "<group>";
		};
		951054721E6A517600A25B8F /* SuperBowl */ = {
			isa = PBXGroup;
			children = (
				951054731E6A517600A25B8F /* AppDelegate.swift */,
				9510547A1E6A517600A25B8F /* Assets.xcassets */,
				9510547C1E6A517600A25B8F /* LaunchScreen.storyboard */,
				9510547F1E6A517600A25B8F /* Info.plist */,
				ED123E481E6AE2C6008D702E /* Views */,
				ED123E3F1E6AE2C6008D702E /* AudioTools */,
				ED123E461E6AE2C6008D702E /* Utilities */,
				ED123E421E6AE2C6008D702E /* Resources */,
			);
			path = SuperBowl;
			sourceTree = "<group>";
		};
		ED123E3F1E6AE2C6008D702E /* AudioTools */ = {
			isa = PBXGroup;
			children = (
				ED123E401E6AE2C6008D702E /* AudioEngine.swift */,
				ED123E411E6AE2C6008D702E /* SuperBowlAudioEngine.swift */,
				EF44BF001E7D69B2006D8AE8 /* SBTAudioEngine.h */,
				EF44BF011E7D69B2006D8AE8 /* SBTAudioEngine.m */,
				EF44BF031E7D6E51006D8AE8 /* SBTTrack.h */,
				EF44BF041E7D6E51006D8AE8 /* SBTTrack.m */,
				EF44BF061E7D6EA1006D8AE8 /* SBTAudioFile.h */,
				EF44BF071E7D6EA1006D8AE8 /* SBTAudioFile.m */,
			);
			path = AudioTools;
			sourceTree = "<group>";
		};
		ED123E421E6AE2C6008D702E /* Resources */ = {
			isa = PBXGroup;
			children = (
				EF44BF0F1E7D9480006D8AE8 /* sample-1.aif */,
				EF44BF101E7D9480006D8AE8 /* sample-2.aif */,
			);
			path = Resources;
			sourceTree = "<group>";
		};
		ED123E461E6AE2C6008D702E /* Utilities */ = {
			isa = PBXGroup;
			children = (
				ED123E471E6AE2C6008D702E /* CGRect+Circle.swift */,
				ED4C85831E7FE392002AF543 /* CGPoint+Extensions.swift */,
				ED4C858C1E7FEF97002AF543 /* Foundation+Extensions.swift */,
				ED4C858E1E7FF120002AF543 /* UIViewController+Extensions.swift */,
				ED123E661E6AE36E008D702E /* IBInstantiatable.swift */,
				EF44BF131E7D9834006D8AE8 /* SuperBowl-Bridging-Header.h */,
			);
			path = Utilities;
			sourceTree = "<group>";
		};
		ED123E481E6AE2C6008D702E /* Views */ = {
			isa = PBXGroup;
			children = (
				ED4C85871E7FEE4E002AF543 /* Debug */,
				ED123E4D1E6AE2C6008D702E /* Common */,
				ED123E511E6AE2C6008D702E /* Login */,
				ED123E491E6AE2C6008D702E /* Bowl */,
				ED123E541E6AE2C6008D702E /* Result */,
			);
			path = Views;
			sourceTree = "<group>";
		};
		ED123E491E6AE2C6008D702E /* Bowl */ = {
			isa = PBXGroup;
			children = (
				ED123E4A1E6AE2C6008D702E /* BowlsViewController.swift */,
				ED123E4B1E6AE2C6008D702E /* BowlsViewController.xib */,
			);
			path = Bowl;
			sourceTree = "<group>";
		};
		ED123E4D1E6AE2C6008D702E /* Common */ = {
			isa = PBXGroup;
			children = (
				ED123E4E1E6AE2C6008D702E /* CircleView.swift */,
				ED123E4F1E6AE2C6008D702E /* JustCircleView.swift */,
				ED123E501E6AE2C6008D702E /* ShiningView.swift */,
				ED4C85851E7FEA1B002AF543 /* TouchEventDetectionView.swift */,
				ED4C857F1E7FE271002AF543 /* SwipeDetectionViewController.swift */,
				ED4C85811E7FE279002AF543 /* SwipeDetectionViewController.storyboard */,
			);
			path = Common;
			sourceTree = "<group>";
		};
		ED123E511E6AE2C6008D702E /* Login */ = {
			isa = PBXGroup;
			children = (
				ED123E521E6AE2C6008D702E /* LoginViewController.swift */,
				ED123E531E6AE2C6008D702E /* LoginViewController.xib */,
			);
			path = Login;
			sourceTree = "<group>";
		};
		ED123E541E6AE2C6008D702E /* Result */ = {
			isa = PBXGroup;
			children = (
				ED123E551E6AE2C6008D702E /* ResultViewController.swift */,
				ED123E561E6AE2C6008D702E /* ResultViewController.xib */,
			);
			path = Result;
			sourceTree = "<group>";
		};
		ED4C85871E7FEE4E002AF543 /* Debug */ = {
			isa = PBXGroup;
			children = (
				ED4C85881E7FEE67002AF543 /* DebugMenuViewController.swift */,
				ED4C858A1E7FEE6F002AF543 /* DebugMenuViewController.storyboard */,
				EDB474521E863AD40076E6BE /* SwipeDetectionDemoViewController.swift */,
				EDB474541E863AE10076E6BE /* SwipeDetectionDemoViewController.storyboard */,
			);
			path = Debug;
			sourceTree = "<group>";
		};
/* End PBXGroup section */

/* Begin PBXNativeTarget section */
		9510546F1E6A517500A25B8F /* SuperBowl */ = {
			isa = PBXNativeTarget;
			buildConfigurationList = 951054821E6A517600A25B8F /* Build configuration list for PBXNativeTarget "SuperBowl" */;
			buildPhases = (
				B6AE57546983C809765BF3FD /* [CP] Check Pods Manifest.lock */,
				9510546C1E6A517500A25B8F /* Sources */,
				9510546D1E6A517500A25B8F /* Frameworks */,
				9510546E1E6A517500A25B8F /* Resources */,
				657197B900FD72F699D61EC8 /* [CP] Embed Pods Frameworks */,
				1F2A2847D53373ADBF454BBB /* [CP] Copy Pods Resources */,
			);
			buildRules = (
			);
			dependencies = (
			);
			name = SuperBowl;
			productName = SuperBowl;
			productReference = 951054701E6A517600A25B8F /* SuperBowl.app */;
			productType = "com.apple.product-type.application";
		};
/* End PBXNativeTarget section */

/* Begin PBXProject section */
		951054681E6A517500A25B8F /* Project object */ = {
			isa = PBXProject;
			attributes = {
				LastSwiftUpdateCheck = 0820;
				LastUpgradeCheck = 0820;
				ORGANIZATIONNAME = MMizogaki;
				TargetAttributes = {
					9510546F1E6A517500A25B8F = {
						CreatedOnToolsVersion = 8.2.1;
						DevelopmentTeam = T5S77M8KEE;
						LastSwiftMigration = 0820;
						ProvisioningStyle = Automatic;
					};
				};
			};
			buildConfigurationList = 9510546B1E6A517500A25B8F /* Build configuration list for PBXProject "SuperBowl" */;
			compatibilityVersion = "Xcode 3.2";
			developmentRegion = English;
			hasScannedForEncodings = 0;
			knownRegions = (
				en,
				Base,
			);
			mainGroup = 951054671E6A517500A25B8F;
			productRefGroup = 951054711E6A517600A25B8F /* Products */;
			projectDirPath = "";
			projectRoot = "";
			targets = (
				9510546F1E6A517500A25B8F /* SuperBowl */,
			);
		};
/* End PBXProject section */

/* Begin PBXResourcesBuildPhase section */
		9510546E1E6A517500A25B8F /* Resources */ = {
			isa = PBXResourcesBuildPhase;
			buildActionMask = 2147483647;
			files = (
				ED123E5E1E6AE2C6008D702E /* BowlsViewController.xib in Resources */,
				9510547E1E6A517600A25B8F /* LaunchScreen.storyboard in Resources */,
				ED4C858B1E7FEE6F002AF543 /* DebugMenuViewController.storyboard in Resources */,
				9510547B1E6A517600A25B8F /* Assets.xcassets in Resources */,
				ED123E631E6AE2C6008D702E /* LoginViewController.xib in Resources */,
				EF44BF121E7D9498006D8AE8 /* sample-2.aif in Resources */,
				EF44BF111E7D9498006D8AE8 /* sample-1.aif in Resources */,
				ED123E651E6AE2C6008D702E /* ResultViewController.xib in Resources */,
				ED4C85821E7FE279002AF543 /* SwipeDetectionViewController.storyboard in Resources */,
				EDB474551E863AE10076E6BE /* SwipeDetectionDemoViewController.storyboard in Resources */,
			);
			runOnlyForDeploymentPostprocessing = 0;
		};
/* End PBXResourcesBuildPhase section */

/* Begin PBXShellScriptBuildPhase section */
		1F2A2847D53373ADBF454BBB /* [CP] Copy Pods Resources */ = {
			isa = PBXShellScriptBuildPhase;
			buildActionMask = 2147483647;
			files = (
			);
			inputPaths = (
			);
			name = "[CP] Copy Pods Resources";
			outputPaths = (
			);
			runOnlyForDeploymentPostprocessing = 0;
			shellPath = /bin/sh;
			shellScript = "\"${SRCROOT}/Pods/Target Support Files/Pods-SuperBowl/Pods-SuperBowl-resources.sh\"\n";
			showEnvVarsInLog = 0;
		};
		657197B900FD72F699D61EC8 /* [CP] Embed Pods Frameworks */ = {
			isa = PBXShellScriptBuildPhase;
			buildActionMask = 2147483647;
			files = (
			);
			inputPaths = (
			);
			name = "[CP] Embed Pods Frameworks";
			outputPaths = (
			);
			runOnlyForDeploymentPostprocessing = 0;
			shellPath = /bin/sh;
			shellScript = "\"${SRCROOT}/Pods/Target Support Files/Pods-SuperBowl/Pods-SuperBowl-frameworks.sh\"\n";
			showEnvVarsInLog = 0;
		};
		B6AE57546983C809765BF3FD /* [CP] Check Pods Manifest.lock */ = {
			isa = PBXShellScriptBuildPhase;
			buildActionMask = 2147483647;
			files = (
			);
			inputPaths = (
			);
			name = "[CP] Check Pods Manifest.lock";
			outputPaths = (
			);
			runOnlyForDeploymentPostprocessing = 0;
			shellPath = /bin/sh;
			shellScript = "diff \"${PODS_ROOT}/../Podfile.lock\" \"${PODS_ROOT}/Manifest.lock\" > /dev/null\nif [ $? != 0 ] ; then\n    # print error to STDERR\n    echo \"error: The sandbox is not in sync with the Podfile.lock. Run 'pod install' or update your CocoaPods installation.\" >&2\n    exit 1\nfi\n";
			showEnvVarsInLog = 0;
		};
/* End PBXShellScriptBuildPhase section */

/* Begin PBXSourcesBuildPhase section */
		9510546C1E6A517500A25B8F /* Sources */ = {
			isa = PBXSourcesBuildPhase;
			buildActionMask = 2147483647;
			files = (
				ED4C85891E7FEE67002AF543 /* DebugMenuViewController.swift in Sources */,
				EF44BF021E7D69B2006D8AE8 /* SBTAudioEngine.m in Sources */,
				EDB474531E863AD40076E6BE /* SwipeDetectionDemoViewController.swift in Sources */,
				ED123E621E6AE2C6008D702E /* LoginViewController.swift in Sources */,
				ED123E601E6AE2C6008D702E /* JustCircleView.swift in Sources */,
				ED123E5F1E6AE2C6008D702E /* CircleView.swift in Sources */,
				ED123E671E6AE36E008D702E /* IBInstantiatable.swift in Sources */,
				ED4C858F1E7FF120002AF543 /* UIViewController+Extensions.swift in Sources */,
				ED4C85841E7FE392002AF543 /* CGPoint+Extensions.swift in Sources */,
				ED123E581E6AE2C6008D702E /* SuperBowlAudioEngine.swift in Sources */,
				ED123E571E6AE2C6008D702E /* AudioEngine.swift in Sources */,
				ED4C858D1E7FEF97002AF543 /* Foundation+Extensions.swift in Sources */,
				EF44BF051E7D6E51006D8AE8 /* SBTTrack.m in Sources */,
				ED123E641E6AE2C6008D702E /* ResultViewController.swift in Sources */,
				ED4C85861E7FEA1B002AF543 /* TouchEventDetectionView.swift in Sources */,
				ED123E5D1E6AE2C6008D702E /* BowlsViewController.swift in Sources */,
				951054741E6A517600A25B8F /* AppDelegate.swift in Sources */,
				ED123E5C1E6AE2C6008D702E /* CGRect+Circle.swift in Sources */,
				EF44BF081E7D6EA1006D8AE8 /* SBTAudioFile.m in Sources */,
				ED123E611E6AE2C6008D702E /* ShiningView.swift in Sources */,
			);
			runOnlyForDeploymentPostprocessing = 0;
		};
/* End PBXSourcesBuildPhase section */

/* Begin PBXVariantGroup section */
		9510547C1E6A517600A25B8F /* LaunchScreen.storyboard */ = {
			isa = PBXVariantGroup;
			children = (
				9510547D1E6A517600A25B8F /* Base */,
			);
			name = LaunchScreen.storyboard;
			sourceTree = "<group>";
		};
/* End PBXVariantGroup section */

/* Begin XCBuildConfiguration section */
		951054801E6A517600A25B8F /* Debug */ = {
			isa = XCBuildConfiguration;
			buildSettings = {
				ALWAYS_SEARCH_USER_PATHS = NO;
				CLANG_ANALYZER_NONNULL = YES;
				CLANG_CXX_LANGUAGE_STANDARD = "gnu++0x";
				CLANG_CXX_LIBRARY = "libc++";
				CLANG_ENABLE_MODULES = YES;
				CLANG_ENABLE_OBJC_ARC = YES;
				CLANG_WARN_BOOL_CONVERSION = YES;
				CLANG_WARN_CONSTANT_CONVERSION = YES;
				CLANG_WARN_DIRECT_OBJC_ISA_USAGE = YES_ERROR;
				CLANG_WARN_DOCUMENTATION_COMMENTS = YES;
				CLANG_WARN_EMPTY_BODY = YES;
				CLANG_WARN_ENUM_CONVERSION = YES;
				CLANG_WARN_INFINITE_RECURSION = YES;
				CLANG_WARN_INT_CONVERSION = YES;
				CLANG_WARN_OBJC_ROOT_CLASS = YES_ERROR;
				CLANG_WARN_SUSPICIOUS_MOVE = YES;
				CLANG_WARN_UNREACHABLE_CODE = YES;
				CLANG_WARN__DUPLICATE_METHOD_MATCH = YES;
				"CODE_SIGN_IDENTITY[sdk=iphoneos*]" = "iPhone Developer";
				COPY_PHASE_STRIP = NO;
				DEBUG_INFORMATION_FORMAT = dwarf;
				ENABLE_STRICT_OBJC_MSGSEND = YES;
				ENABLE_TESTABILITY = YES;
				GCC_C_LANGUAGE_STANDARD = gnu99;
				GCC_DYNAMIC_NO_PIC = NO;
				GCC_NO_COMMON_BLOCKS = YES;
				GCC_OPTIMIZATION_LEVEL = 0;
				GCC_PREPROCESSOR_DEFINITIONS = (
					"DEBUG=1",
					"$(inherited)",
				);
				GCC_WARN_64_TO_32_BIT_CONVERSION = YES;
				GCC_WARN_ABOUT_RETURN_TYPE = YES_ERROR;
				GCC_WARN_UNDECLARED_SELECTOR = YES;
				GCC_WARN_UNINITIALIZED_AUTOS = YES_AGGRESSIVE;
				GCC_WARN_UNUSED_FUNCTION = YES;
				GCC_WARN_UNUSED_VARIABLE = YES;
				IPHONEOS_DEPLOYMENT_TARGET = 10.2;
				MTL_ENABLE_DEBUG_INFO = YES;
				ONLY_ACTIVE_ARCH = YES;
				SDKROOT = iphoneos;
				SWIFT_ACTIVE_COMPILATION_CONDITIONS = DEBUG;
				SWIFT_OPTIMIZATION_LEVEL = "-Onone";
			};
			name = Debug;
		};
		951054811E6A517600A25B8F /* Release */ = {
			isa = XCBuildConfiguration;
			buildSettings = {
				ALWAYS_SEARCH_USER_PATHS = NO;
				CLANG_ANALYZER_NONNULL = YES;
				CLANG_CXX_LANGUAGE_STANDARD = "gnu++0x";
				CLANG_CXX_LIBRARY = "libc++";
				CLANG_ENABLE_MODULES = YES;
				CLANG_ENABLE_OBJC_ARC = YES;
				CLANG_WARN_BOOL_CONVERSION = YES;
				CLANG_WARN_CONSTANT_CONVERSION = YES;
				CLANG_WARN_DIRECT_OBJC_ISA_USAGE = YES_ERROR;
				CLANG_WARN_DOCUMENTATION_COMMENTS = YES;
				CLANG_WARN_EMPTY_BODY = YES;
				CLANG_WARN_ENUM_CONVERSION = YES;
				CLANG_WARN_INFINITE_RECURSION = YES;
				CLANG_WARN_INT_CONVERSION = YES;
				CLANG_WARN_OBJC_ROOT_CLASS = YES_ERROR;
				CLANG_WARN_SUSPICIOUS_MOVE = YES;
				CLANG_WARN_UNREACHABLE_CODE = YES;
				CLANG_WARN__DUPLICATE_METHOD_MATCH = YES;
				"CODE_SIGN_IDENTITY[sdk=iphoneos*]" = "iPhone Developer";
				COPY_PHASE_STRIP = NO;
				DEBUG_INFORMATION_FORMAT = "dwarf-with-dsym";
				ENABLE_NS_ASSERTIONS = NO;
				ENABLE_STRICT_OBJC_MSGSEND = YES;
				GCC_C_LANGUAGE_STANDARD = gnu99;
				GCC_NO_COMMON_BLOCKS = YES;
				GCC_WARN_64_TO_32_BIT_CONVERSION = YES;
				GCC_WARN_ABOUT_RETURN_TYPE = YES_ERROR;
				GCC_WARN_UNDECLARED_SELECTOR = YES;
				GCC_WARN_UNINITIALIZED_AUTOS = YES_AGGRESSIVE;
				GCC_WARN_UNUSED_FUNCTION = YES;
				GCC_WARN_UNUSED_VARIABLE = YES;
				IPHONEOS_DEPLOYMENT_TARGET = 10.2;
				MTL_ENABLE_DEBUG_INFO = NO;
				SDKROOT = iphoneos;
				SWIFT_OPTIMIZATION_LEVEL = "-Owholemodule";
				VALIDATE_PRODUCT = YES;
			};
			name = Release;
		};
		951054831E6A517600A25B8F /* Debug */ = {
			isa = XCBuildConfiguration;
			baseConfigurationReference = 4FA60CC2608BC158E4076BF0 /* Pods-SuperBowl.debug.xcconfig */;
			buildSettings = {
				ASSETCATALOG_COMPILER_APPICON_NAME = AppIcon;
				CLANG_ENABLE_MODULES = YES;
				DEVELOPMENT_TEAM = T5S77M8KEE;
				INFOPLIST_FILE = SuperBowl/Info.plist;
				LD_RUNPATH_SEARCH_PATHS = "$(inherited) @executable_path/Frameworks";
				PRODUCT_BUNDLE_IDENTIFIER = com.mmizogaki.SuperBowl;
				PRODUCT_NAME = "$(TARGET_NAME)";
				SWIFT_OBJC_BRIDGING_HEADER = "SuperBowl/Utilities/SuperBowl-Bridging-Header.h";
				SWIFT_OPTIMIZATION_LEVEL = "-Onone";
				SWIFT_VERSION = 3.0;
			};
			name = Debug;
		};
		951054841E6A517600A25B8F /* Release */ = {
			isa = XCBuildConfiguration;
			baseConfigurationReference = DA382B72DAD1F2DC9608E42E /* Pods-SuperBowl.release.xcconfig */;
			buildSettings = {
				ASSETCATALOG_COMPILER_APPICON_NAME = AppIcon;
				CLANG_ENABLE_MODULES = YES;
				DEVELOPMENT_TEAM = T5S77M8KEE;
				INFOPLIST_FILE = SuperBowl/Info.plist;
				LD_RUNPATH_SEARCH_PATHS = "$(inherited) @executable_path/Frameworks";
				PRODUCT_BUNDLE_IDENTIFIER = com.mmizogaki.SuperBowl;
				PRODUCT_NAME = "$(TARGET_NAME)";
				SWIFT_OBJC_BRIDGING_HEADER = "SuperBowl/Utilities/SuperBowl-Bridging-Header.h";
				SWIFT_VERSION = 3.0;
			};
			name = Release;
		};
/* End XCBuildConfiguration section */

/* Begin XCConfigurationList section */
		9510546B1E6A517500A25B8F /* Build configuration list for PBXProject "SuperBowl" */ = {
			isa = XCConfigurationList;
			buildConfigurations = (
				951054801E6A517600A25B8F /* Debug */,
				951054811E6A517600A25B8F /* Release */,
			);
			defaultConfigurationIsVisible = 0;
			defaultConfigurationName = Release;
		};
		951054821E6A517600A25B8F /* Build configuration list for PBXNativeTarget "SuperBowl" */ = {
			isa = XCConfigurationList;
			buildConfigurations = (
				951054831E6A517600A25B8F /* Debug */,
				951054841E6A517600A25B8F /* Release */,
			);
			defaultConfigurationIsVisible = 0;
			defaultConfigurationName = Release;
		};
/* End XCConfigurationList section */
	};
	rootObject = 951054681E6A517500A25B8F /* Project object */;
}
